// !$*UTF8*$!
{
	archiveVersion = 1;
	classes = {
	};
	objectVersion = 55;
	objects = {

/* Begin PBXBuildFile section */
		4959A9132C07A00500C7B095 /* AppDelegate.swift in Sources */ = {isa = PBXBuildFile; fileRef = 4959A9122C07A00500C7B095 /* AppDelegate.swift */; };
		4959A9152C07A00500C7B095 /* SceneDelegate.swift in Sources */ = {isa = PBXBuildFile; fileRef = 4959A9142C07A00500C7B095 /* SceneDelegate.swift */; };
		4959A9172C07A00500C7B095 /* ListViewController.swift in Sources */ = {isa = PBXBuildFile; fileRef = 4959A9162C07A00500C7B095 /* ListViewController.swift */; };
		4959A91A2C07A00500C7B095 /* List.storyboard in Resources */ = {isa = PBXBuildFile; fileRef = 4959A9182C07A00500C7B095 /* List.storyboard */; };
		4959A91C2C07A00700C7B095 /* Assets.xcassets in Resources */ = {isa = PBXBuildFile; fileRef = 4959A91B2C07A00700C7B095 /* Assets.xcassets */; };
		4959A91F2C07A00700C7B095 /* LaunchScreen.storyboard in Resources */ = {isa = PBXBuildFile; fileRef = 4959A91D2C07A00700C7B095 /* LaunchScreen.storyboard */; };
		4959A9302C07A32000C7B095 /* ListViewModel.swift in Sources */ = {isa = PBXBuildFile; fileRef = 4959A92F2C07A32000C7B095 /* ListViewModel.swift */; };
		4959A9332C07A34500C7B095 /* PostModel.swift in Sources */ = {isa = PBXBuildFile; fileRef = 4959A9322C07A34500C7B095 /* PostModel.swift */; };
		4959A9362C07A4FE00C7B095 /* WebServices.swift in Sources */ = {isa = PBXBuildFile; fileRef = 4959A9352C07A4FE00C7B095 /* WebServices.swift */; };
		4959A9412C07B1ED00C7B095 /* String+Extension.swift in Sources */ = {isa = PBXBuildFile; fileRef = 4959A9402C07B1ED00C7B095 /* String+Extension.swift */; };
		4959A9432C07BEA300C7B095 /* Detail.storyboard in Resources */ = {isa = PBXBuildFile; fileRef = 4959A9422C07BEA300C7B095 /* Detail.storyboard */; };
		4959A9452C07BFC000C7B095 /* DetailViewController.swift in Sources */ = {isa = PBXBuildFile; fileRef = 4959A9442C07BFC000C7B095 /* DetailViewController.swift */; };
		4959A9472C07C0B500C7B095 /* DetailViewModel.swift in Sources */ = {isa = PBXBuildFile; fileRef = 4959A9462C07C0B400C7B095 /* DetailViewModel.swift */; };
		4959A9492C07C28300C7B095 /* DisplayPostModel.swift in Sources */ = {isa = PBXBuildFile; fileRef = 4959A9482C07C28300C7B095 /* DisplayPostModel.swift */; };
/* End PBXBuildFile section */

/* Begin PBXFileReference section */
		4959A90F2C07A00500C7B095 /* iOSTestAssessment.app */ = {isa = PBXFileReference; explicitFileType = wrapper.application; includeInIndex = 0; path = iOSTestAssessment.app; sourceTree = BUILT_PRODUCTS_DIR; };
		4959A9122C07A00500C7B095 /* AppDelegate.swift */ = {isa = PBXFileReference; lastKnownFileType = sourcecode.swift; path = AppDelegate.swift; sourceTree = "<group>"; };
		4959A9142C07A00500C7B095 /* SceneDelegate.swift */ = {isa = PBXFileReference; lastKnownFileType = sourcecode.swift; path = SceneDelegate.swift; sourceTree = "<group>"; };
		4959A9162C07A00500C7B095 /* ListViewController.swift */ = {isa = PBXFileReference; lastKnownFileType = sourcecode.swift; path = ListViewController.swift; sourceTree = "<group>"; };
		4959A9192C07A00500C7B095 /* Base */ = {isa = PBXFileReference; lastKnownFileType = file.storyboard; name = Base; path = Base.lproj/List.storyboard; sourceTree = "<group>"; };
		4959A91B2C07A00700C7B095 /* Assets.xcassets */ = {isa = PBXFileReference; lastKnownFileType = folder.assetcatalog; path = Assets.xcassets; sourceTree = "<group>"; };
		4959A91E2C07A00700C7B095 /* Base */ = {isa = PBXFileReference; lastKnownFileType = file.storyboard; name = Base; path = Base.lproj/LaunchScreen.storyboard; sourceTree = "<group>"; };
		4959A9202C07A00700C7B095 /* iOSTestAssessment-Info.plist */ = {isa = PBXFileReference; lastKnownFileType = text.plist.xml; path = "iOSTestAssessment-Info.plist"; sourceTree = "<group>"; };
		4959A92F2C07A32000C7B095 /* ListViewModel.swift */ = {isa = PBXFileReference; lastKnownFileType = sourcecode.swift; path = ListViewModel.swift; sourceTree = "<group>"; };
		4959A9322C07A34500C7B095 /* PostModel.swift */ = {isa = PBXFileReference; lastKnownFileType = sourcecode.swift; path = PostModel.swift; sourceTree = "<group>"; };
		4959A9352C07A4FE00C7B095 /* WebServices.swift */ = {isa = PBXFileReference; lastKnownFileType = sourcecode.swift; path = WebServices.swift; sourceTree = "<group>"; };
		4959A9402C07B1ED00C7B095 /* String+Extension.swift */ = {isa = PBXFileReference; lastKnownFileType = sourcecode.swift; path = "String+Extension.swift"; sourceTree = "<group>"; };
		4959A9422C07BEA300C7B095 /* Detail.storyboard */ = {isa = PBXFileReference; lastKnownFileType = file.storyboard; path = Detail.storyboard; sourceTree = "<group>"; };
		4959A9442C07BFC000C7B095 /* DetailViewController.swift */ = {isa = PBXFileReference; lastKnownFileType = sourcecode.swift; path = DetailViewController.swift; sourceTree = "<group>"; };
		4959A9462C07C0B400C7B095 /* DetailViewModel.swift */ = {isa = PBXFileReference; lastKnownFileType = sourcecode.swift; path = DetailViewModel.swift; sourceTree = "<group>"; };
		4959A9482C07C28300C7B095 /* DisplayPostModel.swift */ = {isa = PBXFileReference; lastKnownFileType = sourcecode.swift; path = DisplayPostModel.swift; sourceTree = "<group>"; };
/* End PBXFileReference section */

/* Begin PBXFrameworksBuildPhase section */
		4959A90C2C07A00500C7B095 /* Frameworks */ = {
			isa = PBXFrameworksBuildPhase;
			buildActionMask = 2147483647;
			files = (
			);
			runOnlyForDeploymentPostprocessing = 0;
		};
/* End PBXFrameworksBuildPhase section */

/* Begin PBXGroup section */
		4959A9062C07A00500C7B095 = {
			isa = PBXGroup;
			children = (
				4959A9112C07A00500C7B095 /* iOSTestAssessment */,
				4959A9102C07A00500C7B095 /* Products */,
			);
			sourceTree = "<group>";
		};
		4959A9102C07A00500C7B095 /* Products */ = {
			isa = PBXGroup;
			children = (
				4959A90F2C07A00500C7B095 /* iOSTestAssessment.app */,
			);
			name = Products;
			sourceTree = "<group>";
		};
		4959A9112C07A00500C7B095 /* iOSTestAssessment */ = {
			isa = PBXGroup;
			children = (
				4959A9262C07A01500C7B095 /* ApplicationDelegates */,
				4959A9272C07A02500C7B095 /* Controllers */,
				4959A93F2C07B1E100C7B095 /* Extension */,
				4959A9312C07A33300C7B095 /* Models */,
				4959A92B2C07A07900C7B095 /* Resources */,
				4959A92D2C07A30800C7B095 /* ViewModels */,
				4959A9292C07A05E00C7B095 /* Views */,
				4959A9342C07A4B300C7B095 /* WebServices */,
			);
			path = iOSTestAssessment;
			sourceTree = "<group>";
		};
		4959A9262C07A01500C7B095 /* ApplicationDelegates */ = {
			isa = PBXGroup;
			children = (
				4959A9122C07A00500C7B095 /* AppDelegate.swift */,
				4959A9142C07A00500C7B095 /* SceneDelegate.swift */,
			);
			path = ApplicationDelegates;
			sourceTree = "<group>";
		};
		4959A9272C07A02500C7B095 /* Controllers */ = {
			isa = PBXGroup;
			children = (
				4959A9162C07A00500C7B095 /* ListViewController.swift */,
				4959A9442C07BFC000C7B095 /* DetailViewController.swift */,
			);
			path = Controllers;
			sourceTree = "<group>";
		};
		4959A9292C07A05E00C7B095 /* Views */ = {
			isa = PBXGroup;
			children = (
				4959A9182C07A00500C7B095 /* List.storyboard */,
				4959A9422C07BEA300C7B095 /* Detail.storyboard */,
				4959A91D2C07A00700C7B095 /* LaunchScreen.storyboard */,
			);
			path = Views;
			sourceTree = "<group>";
		};
		4959A92A2C07A06B00C7B095 /* Assets */ = {
			isa = PBXGroup;
			children = (
				4959A91B2C07A00700C7B095 /* Assets.xcassets */,
			);
			path = Assets;
			sourceTree = "<group>";
		};
		4959A92B2C07A07900C7B095 /* Resources */ = {
			isa = PBXGroup;
			children = (
				4959A92C2C07A08100C7B095 /* PropertyLists */,
				4959A92A2C07A06B00C7B095 /* Assets */,
			);
			path = Resources;
			sourceTree = "<group>";
		};
		4959A92C2C07A08100C7B095 /* PropertyLists */ = {
			isa = PBXGroup;
			children = (
				4959A9202C07A00700C7B095 /* iOSTestAssessment-Info.plist */,
			);
			path = PropertyLists;
			sourceTree = "<group>";
		};
		4959A92D2C07A30800C7B095 /* ViewModels */ = {
			isa = PBXGroup;
			children = (
				4959A92F2C07A32000C7B095 /* ListViewModel.swift */,
				4959A9462C07C0B400C7B095 /* DetailViewModel.swift */,
			);
			path = ViewModels;
			sourceTree = "<group>";
		};
		4959A9312C07A33300C7B095 /* Models */ = {
			isa = PBXGroup;
			children = (
				4959A9322C07A34500C7B095 /* PostModel.swift */,
				4959A9482C07C28300C7B095 /* DisplayPostModel.swift */,
			);
			path = Models;
			sourceTree = "<group>";
		};
		4959A9342C07A4B300C7B095 /* WebServices */ = {
			isa = PBXGroup;
			children = (
				4959A9352C07A4FE00C7B095 /* WebServices.swift */,
			);
			path = WebServices;
			sourceTree = "<group>";
		};
		4959A93F2C07B1E100C7B095 /* Extension */ = {
			isa = PBXGroup;
			children = (
				4959A9402C07B1ED00C7B095 /* String+Extension.swift */,
			);
			path = Extension;
			sourceTree = "<group>";
		};
/* End PBXGroup section */

/* Begin PBXNativeTarget section */
		4959A90E2C07A00500C7B095 /* iOSTestAssessment */ = {
			isa = PBXNativeTarget;
			buildConfigurationList = 4959A9232C07A00700C7B095 /* Build configuration list for PBXNativeTarget "iOSTestAssessment" */;
			buildPhases = (
				4959A90B2C07A00500C7B095 /* Sources */,
				4959A90C2C07A00500C7B095 /* Frameworks */,
				4959A90D2C07A00500C7B095 /* Resources */,
			);
			buildRules = (
			);
			dependencies = (
			);
			name = iOSTestAssessment;
			productName = iOSTestAssessment;
			productReference = 4959A90F2C07A00500C7B095 /* iOSTestAssessment.app */;
			productType = "com.apple.product-type.application";
		};
/* End PBXNativeTarget section */

/* Begin PBXProject section */
		4959A9072C07A00500C7B095 /* Project object */ = {
			isa = PBXProject;
			attributes = {
				BuildIndependentTargetsInParallel = 1;
				LastSwiftUpdateCheck = 1340;
				LastUpgradeCheck = 1340;
				TargetAttributes = {
					4959A90E2C07A00500C7B095 = {
						CreatedOnToolsVersion = 13.4.1;
					};
				};
			};
			buildConfigurationList = 4959A90A2C07A00500C7B095 /* Build configuration list for PBXProject "iOSTestAssessment" */;
			compatibilityVersion = "Xcode 13.0";
			developmentRegion = en;
			hasScannedForEncodings = 0;
			knownRegions = (
				en,
				Base,
			);
			mainGroup = 4959A9062C07A00500C7B095;
			productRefGroup = 4959A9102C07A00500C7B095 /* Products */;
			projectDirPath = "";
			projectRoot = "";
			targets = (
				4959A90E2C07A00500C7B095 /* iOSTestAssessment */,
			);
		};
/* End PBXProject section */

/* Begin PBXResourcesBuildPhase section */
		4959A90D2C07A00500C7B095 /* Resources */ = {
			isa = PBXResourcesBuildPhase;
			buildActionMask = 2147483647;
			files = (
				4959A91F2C07A00700C7B095 /* LaunchScreen.storyboard in Resources */,
				4959A91C2C07A00700C7B095 /* Assets.xcassets in Resources */,
				4959A91A2C07A00500C7B095 /* List.storyboard in Resources */,
				4959A9432C07BEA300C7B095 /* Detail.storyboard in Resources */,
			);
			runOnlyForDeploymentPostprocessing = 0;
		};
/* End PBXResourcesBuildPhase section */

/* Begin PBXSourcesBuildPhase section */
		4959A90B2C07A00500C7B095 /* Sources */ = {
			isa = PBXSourcesBuildPhase;
			buildActionMask = 2147483647;
			files = (
				4959A9412C07B1ED00C7B095 /* String+Extension.swift in Sources */,
				4959A9172C07A00500C7B095 /* ListViewController.swift in Sources */,
				4959A9332C07A34500C7B095 /* PostModel.swift in Sources */,
				4959A9362C07A4FE00C7B095 /* WebServices.swift in Sources */,
				4959A9472C07C0B500C7B095 /* DetailViewModel.swift in Sources */,
				4959A9132C07A00500C7B095 /* AppDelegate.swift in Sources */,
				4959A9492C07C28300C7B095 /* DisplayPostModel.swift in Sources */,
				4959A9302C07A32000C7B095 /* ListViewModel.swift in Sources */,
				4959A9152C07A00500C7B095 /* SceneDelegate.swift in Sources */,
				4959A9452C07BFC000C7B095 /* DetailViewController.swift in Sources */,
			);
			runOnlyForDeploymentPostprocessing = 0;
		};
/* End PBXSourcesBuildPhase section */

/* Begin PBXVariantGroup section */
		4959A9182C07A00500C7B095 /* List.storyboard */ = {
			isa = PBXVariantGroup;
			children = (
				4959A9192C07A00500C7B095 /* Base */,
			);
			name = List.storyboard;
			sourceTree = "<group>";
		};
		4959A91D2C07A00700C7B095 /* LaunchScreen.storyboard */ = {
			isa = PBXVariantGroup;
			children = (
				4959A91E2C07A00700C7B095 /* Base */,
			);
			name = LaunchScreen.storyboard;
			sourceTree = "<group>";
		};
/* End PBXVariantGroup section */

/* Begin XCBuildConfiguration section */
		4959A9212C07A00700C7B095 /* Debug */ = {
			isa = XCBuildConfiguration;
			buildSettings = {
				ALWAYS_SEARCH_USER_PATHS = NO;
				CLANG_ANALYZER_NONNULL = YES;
				CLANG_ANALYZER_NUMBER_OBJECT_CONVERSION = YES_AGGRESSIVE;
				CLANG_CXX_LANGUAGE_STANDARD = "gnu++17";
				CLANG_ENABLE_MODULES = YES;
				CLANG_ENABLE_OBJC_ARC = YES;
				CLANG_ENABLE_OBJC_WEAK = YES;
				CLANG_WARN_BLOCK_CAPTURE_AUTORELEASING = YES;
				CLANG_WARN_BOOL_CONVERSION = YES;
				CLANG_WARN_COMMA = YES;
				CLANG_WARN_CONSTANT_CONVERSION = YES;
				CLANG_WARN_DEPRECATED_OBJC_IMPLEMENTATIONS = YES;
				CLANG_WARN_DIRECT_OBJC_ISA_USAGE = YES_ERROR;
				CLANG_WARN_DOCUMENTATION_COMMENTS = YES;
				CLANG_WARN_EMPTY_BODY = YES;
				CLANG_WARN_ENUM_CONVERSION = YES;
				CLANG_WARN_INFINITE_RECURSION = YES;
				CLANG_WARN_INT_CONVERSION = YES;
				CLANG_WARN_NON_LITERAL_NULL_CONVERSION = YES;
				CLANG_WARN_OBJC_IMPLICIT_RETAIN_SELF = YES;
				CLANG_WARN_OBJC_LITERAL_CONVERSION = YES;
				CLANG_WARN_OBJC_ROOT_CLASS = YES_ERROR;
				CLANG_WARN_QUOTED_INCLUDE_IN_FRAMEWORK_HEADER = YES;
				CLANG_WARN_RANGE_LOOP_ANALYSIS = YES;
				CLANG_WARN_STRICT_PROTOTYPES = YES;
				CLANG_WARN_SUSPICIOUS_MOVE = YES;
				CLANG_WARN_UNGUARDED_AVAILABILITY = YES_AGGRESSIVE;
				CLANG_WARN_UNREACHABLE_CODE = YES;
				CLANG_WARN__DUPLICATE_METHOD_MATCH = YES;
				COPY_PHASE_STRIP = NO;
				DEBUG_INFORMATION_FORMAT = dwarf;
				ENABLE_STRICT_OBJC_MSGSEND = YES;
				ENABLE_TESTABILITY = YES;
				GCC_C_LANGUAGE_STANDARD = gnu11;
				GCC_DYNAMIC_NO_PIC = NO;
				GCC_NO_COMMON_BLOCKS = YES;
				GCC_OPTIMIZATION_LEVEL = 0;
				GCC_PREPROCESSOR_DEFINITIONS = (
					"DEBUG=1",
					"$(inherited)",
				);
				GCC_WARN_64_TO_32_BIT_CONVERSION = YES;
				GCC_WARN_ABOUT_RETURN_TYPE = YES_ERROR;
				GCC_WARN_UNDECLARED_SELECTOR = YES;
				GCC_WARN_UNINITIALIZED_AUTOS = YES_AGGRESSIVE;
				GCC_WARN_UNUSED_FUNCTION = YES;
				GCC_WARN_UNUSED_VARIABLE = YES;
				IPHONEOS_DEPLOYMENT_TARGET = 15.5;
				MTL_ENABLE_DEBUG_INFO = INCLUDE_SOURCE;
				MTL_FAST_MATH = YES;
				ONLY_ACTIVE_ARCH = YES;
				SDKROOT = iphoneos;
				SWIFT_ACTIVE_COMPILATION_CONDITIONS = DEBUG;
				SWIFT_OPTIMIZATION_LEVEL = "-Onone";
			};
			name = Debug;
		};
		4959A9222C07A00700C7B095 /* Release */ = {
			isa = XCBuildConfiguration;
			buildSettings = {
				ALWAYS_SEARCH_USER_PATHS = NO;
				CLANG_ANALYZER_NONNULL = YES;
				CLANG_ANALYZER_NUMBER_OBJECT_CONVERSION = YES_AGGRESSIVE;
				CLANG_CXX_LANGUAGE_STANDARD = "gnu++17";
				CLANG_ENABLE_MODULES = YES;
				CLANG_ENABLE_OBJC_ARC = YES;
				CLANG_ENABLE_OBJC_WEAK = YES;
				CLANG_WARN_BLOCK_CAPTURE_AUTORELEASING = YES;
				CLANG_WARN_BOOL_CONVERSION = YES;
				CLANG_WARN_COMMA = YES;
				CLANG_WARN_CONSTANT_CONVERSION = YES;
				CLANG_WARN_DEPRECATED_OBJC_IMPLEMENTATIONS = YES;
				CLANG_WARN_DIRECT_OBJC_ISA_USAGE = YES_ERROR;
				CLANG_WARN_DOCUMENTATION_COMMENTS = YES;
				CLANG_WARN_EMPTY_BODY = YES;
				CLANG_WARN_ENUM_CONVERSION = YES;
				CLANG_WARN_INFINITE_RECURSION = YES;
				CLANG_WARN_INT_CONVERSION = YES;
				CLANG_WARN_NON_LITERAL_NULL_CONVERSION = YES;
				CLANG_WARN_OBJC_IMPLICIT_RETAIN_SELF = YES;
				CLANG_WARN_OBJC_LITERAL_CONVERSION = YES;
				CLANG_WARN_OBJC_ROOT_CLASS = YES_ERROR;
				CLANG_WARN_QUOTED_INCLUDE_IN_FRAMEWORK_HEADER = YES;
				CLANG_WARN_RANGE_LOOP_ANALYSIS = YES;
				CLANG_WARN_STRICT_PROTOTYPES = YES;
				CLANG_WARN_SUSPICIOUS_MOVE = YES;
				CLANG_WARN_UNGUARDED_AVAILABILITY = YES_AGGRESSIVE;
				CLANG_WARN_UNREACHABLE_CODE = YES;
				CLANG_WARN__DUPLICATE_METHOD_MATCH = YES;
				COPY_PHASE_STRIP = NO;
				DEBUG_INFORMATION_FORMAT = "dwarf-with-dsym";
				ENABLE_NS_ASSERTIONS = NO;
				ENABLE_STRICT_OBJC_MSGSEND = YES;
				GCC_C_LANGUAGE_STANDARD = gnu11;
				GCC_NO_COMMON_BLOCKS = YES;
				GCC_WARN_64_TO_32_BIT_CONVERSION = YES;
				GCC_WARN_ABOUT_RETURN_TYPE = YES_ERROR;
				GCC_WARN_UNDECLARED_SELECTOR = YES;
				GCC_WARN_UNINITIALIZED_AUTOS = YES_AGGRESSIVE;
				GCC_WARN_UNUSED_FUNCTION = YES;
				GCC_WARN_UNUSED_VARIABLE = YES;
				IPHONEOS_DEPLOYMENT_TARGET = 15.5;
				MTL_ENABLE_DEBUG_INFO = NO;
				MTL_FAST_MATH = YES;
				SDKROOT = iphoneos;
				SWIFT_COMPILATION_MODE = wholemodule;
				SWIFT_OPTIMIZATION_LEVEL = "-O";
				VALIDATE_PRODUCT = YES;
			};
			name = Release;
		};
		4959A9242C07A00700C7B095 /* Debug */ = {
			isa = XCBuildConfiguration;
			buildSettings = {
				ASSETCATALOG_COMPILER_APPICON_NAME = AppIcon;
				ASSETCATALOG_COMPILER_GLOBAL_ACCENT_COLOR_NAME = AccentColor;
				CODE_SIGN_STYLE = Automatic;
				CURRENT_PROJECT_VERSION = 1;
				GENERATE_INFOPLIST_FILE = YES;
				INFOPLIST_FILE = "iOSTestAssessment/Resources/PropertyLists/iOSTestAssessment-Info.plist";
				INFOPLIST_KEY_UIApplicationSupportsIndirectInputEvents = YES;
				INFOPLIST_KEY_UILaunchStoryboardName = LaunchScreen;
				INFOPLIST_KEY_UIMainStoryboardFile = List;
				INFOPLIST_KEY_UISupportedInterfaceOrientations_iPad = "UIInterfaceOrientationPortrait UIInterfaceOrientationPortraitUpsideDown UIInterfaceOrientationLandscapeLeft UIInterfaceOrientationLandscapeRight";
				INFOPLIST_KEY_UISupportedInterfaceOrientations_iPhone = "UIInterfaceOrientationPortrait UIInterfaceOrientationLandscapeLeft UIInterfaceOrientationLandscapeRight";
				LD_RUNPATH_SEARCH_PATHS = (
					"$(inherited)",
					"@executable_path/Frameworks",
				);
				MARKETING_VERSION = 1.0;
				PRODUCT_BUNDLE_IDENTIFIER = com.vikramjagad.iOSTestAssessment;
				PRODUCT_NAME = "$(TARGET_NAME)";
				SWIFT_EMIT_LOC_STRINGS = YES;
				SWIFT_VERSION = 5.0;
				TARGETED_DEVICE_FAMILY = "1,2";
			};
			name = Debug;
		};
		4959A9252C07A00700C7B095 /* Release */ = {
			isa = XCBuildConfiguration;
			buildSettings = {
				ASSETCATALOG_COMPILER_APPICON_NAME = AppIcon;
				ASSETCATALOG_COMPILER_GLOBAL_ACCENT_COLOR_NAME = AccentColor;
				CODE_SIGN_STYLE = Automatic;
				CURRENT_PROJECT_VERSION = 1;
				GENERATE_INFOPLIST_FILE = YES;
				INFOPLIST_FILE = "iOSTestAssessment/Resources/PropertyLists/iOSTestAssessment-Info.plist";
				INFOPLIST_KEY_UIApplicationSupportsIndirectInputEvents = YES;
				INFOPLIST_KEY_UILaunchStoryboardName = LaunchScreen;
				INFOPLIST_KEY_UIMainStoryboardFile = List;
				INFOPLIST_KEY_UISupportedInterfaceOrientations_iPad = "UIInterfaceOrientationPortrait UIInterfaceOrientationPortraitUpsideDown UIInterfaceOrientationLandscapeLeft UIInterfaceOrientationLandscapeRight";
				INFOPLIST_KEY_UISupportedInterfaceOrientations_iPhone = "UIInterfaceOrientationPortrait UIInterfaceOrientationLandscapeLeft UIInterfaceOrientationLandscapeRight";
				LD_RUNPATH_SEARCH_PATHS = (
					"$(inherited)",
					"@executable_path/Frameworks",
				);
				MARKETING_VERSION = 1.0;
				PRODUCT_BUNDLE_IDENTIFIER = com.vikramjagad.iOSTestAssessment;
				PRODUCT_NAME = "$(TARGET_NAME)";
				SWIFT_EMIT_LOC_STRINGS = YES;
				SWIFT_VERSION = 5.0;
				TARGETED_DEVICE_FAMILY = "1,2";
			};
			name = Release;
		};
/* End XCBuildConfiguration section */

/* Begin XCConfigurationList section */
		4959A90A2C07A00500C7B095 /* Build configuration list for PBXProject "iOSTestAssessment" */ = {
			isa = XCConfigurationList;
			buildConfigurations = (
				4959A9212C07A00700C7B095 /* Debug */,
				4959A9222C07A00700C7B095 /* Release */,
			);
			defaultConfigurationIsVisible = 0;
			defaultConfigurationName = Release;
		};
		4959A9232C07A00700C7B095 /* Build configuration list for PBXNativeTarget "iOSTestAssessment" */ = {
			isa = XCConfigurationList;
			buildConfigurations = (
				4959A9242C07A00700C7B095 /* Debug */,
				4959A9252C07A00700C7B095 /* Release */,
			);
			defaultConfigurationIsVisible = 0;
			defaultConfigurationName = Release;
		};
/* End XCConfigurationList section */
	};
	rootObject = 4959A9072C07A00500C7B095 /* Project object */;
}
